
Microsoft Visual Studio Solution File, Format Version 12.00
# Visual Studio Version 17
VisualStudioVersion = 17.11.35208.52
MinimumVisualStudioVersion = 10.0.40219.1
Project("{9A19103F-16F7-4668-BE54-9A1E7A4F7556}") = "Core", "Core\Core.csproj", "{2F3F5261-CF73-4786-850A-03C5BCFD2028}"
EndProject
Project("{9A19103F-16F7-4668-BE54-9A1E7A4F7556}") = "DAL", "DAL\DAL.csproj", "{DBC2AF56-F868-4E1B-AF8B-3FBCB072A6E8}"
EndProject
Project("{9A19103F-16F7-4668-BE54-9A1E7A4F7556}") = "BLL", "BLL\BLL.csproj", "{AA1164A2-0275-4EEF-B86F-C500D26AD390}"
EndProject
Project("{9A19103F-16F7-4668-BE54-9A1E7A4F7556}") = "API", "API\API.csproj", "{12DED452-479A-4785-9EC1-F36C7CE87519}"
EndProject
Project("{9A19103F-16F7-4668-BE54-9A1E7A4F7556}") = "StockMarket", "StockMarket\StockMarket.csproj", "{5726FCF5-A0EB-45F6-AF0D-4DA1FF5F1E36}"
EndProject
Project("{9A19103F-16F7-4668-BE54-9A1E7A4F7556}") = "Messaging", "Messaging\Messaging.csproj", "{DEFF3F56-86B7-49A5-9A67-E8805F6FA71B}"
EndProject
Project("{54A90642-561A-4BB1-A94E-469ADEE60C69}") = "Web", "Web\Web.esproj", "{F5117742-146F-4468-9BA0-137391335082}"
EndProject
Global
	GlobalSection(SolutionConfigurationPlatforms) = preSolution
		Debug|Any CPU = Debug|Any CPU
		Release|Any CPU = Release|Any CPU
	EndGlobalSection
	GlobalSection(ProjectConfigurationPlatforms) = postSolution
		{2F3F5261-CF73-4786-850A-03C5BCFD2028}.Debug|Any CPU.ActiveCfg = Debug|Any CPU
		{2F3F5261-CF73-4786-850A-03C5BCFD2028}.Debug|Any CPU.Build.0 = Debug|Any CPU
		{2F3F5261-CF73-4786-850A-03C5BCFD2028}.Release|Any CPU.ActiveCfg = Release|Any CPU
		{2F3F5261-CF73-4786-850A-03C5BCFD2028}.Release|Any CPU.Build.0 = Release|Any CPU
		{DBC2AF56-F868-4E1B-AF8B-3FBCB072A6E8}.Debug|Any CPU.ActiveCfg = Debug|Any CPU
		{DBC2AF56-F868-4E1B-AF8B-3FBCB072A6E8}.Debug|Any CPU.Build.0 = Debug|Any CPU
		{DBC2AF56-F868-4E1B-AF8B-3FBCB072A6E8}.Release|Any CPU.ActiveCfg = Release|Any CPU
		{DBC2AF56-F868-4E1B-AF8B-3FBCB072A6E8}.Release|Any CPU.Build.0 = Release|Any CPU
		{AA1164A2-0275-4EEF-B86F-C500D26AD390}.Debug|Any CPU.ActiveCfg = Debug|Any CPU
		{AA1164A2-0275-4EEF-B86F-C500D26AD390}.Debug|Any CPU.Build.0 = Debug|Any CPU
		{AA1164A2-0275-4EEF-B86F-C500D26AD390}.Release|Any CPU.ActiveCfg = Release|Any CPU
		{AA1164A2-0275-4EEF-B86F-C500D26AD390}.Release|Any CPU.Build.0 = Release|Any CPU
		{12DED452-479A-4785-9EC1-F36C7CE87519}.Debug|Any CPU.ActiveCfg = Debug|Any CPU
		{12DED452-479A-4785-9EC1-F36C7CE87519}.Debug|Any CPU.Build.0 = Debug|Any CPU
		{12DED452-479A-4785-9EC1-F36C7CE87519}.Release|Any CPU.ActiveCfg = Release|Any CPU
		{12DED452-479A-4785-9EC1-F36C7CE87519}.Release|Any CPU.Build.0 = Release|Any CPU
		{5726FCF5-A0EB-45F6-AF0D-4DA1FF5F1E36}.Debug|Any CPU.ActiveCfg = Debug|Any CPU
		{5726FCF5-A0EB-45F6-AF0D-4DA1FF5F1E36}.Debug|Any CPU.Build.0 = Debug|Any CPU
		{5726FCF5-A0EB-45F6-AF0D-4DA1FF5F1E36}.Release|Any CPU.ActiveCfg = Release|Any CPU
		{5726FCF5-A0EB-45F6-AF0D-4DA1FF5F1E36}.Release|Any CPU.Build.0 = Release|Any CPU
		{DEFF3F56-86B7-49A5-9A67-E8805F6FA71B}.Debug|Any CPU.ActiveCfg = Debug|Any CPU
		{DEFF3F56-86B7-49A5-9A67-E8805F6FA71B}.Debug|Any CPU.Build.0 = Debug|Any CPU
		{DEFF3F56-86B7-49A5-9A67-E8805F6FA71B}.Release|Any CPU.ActiveCfg = Release|Any CPU
		{DEFF3F56-86B7-49A5-9A67-E8805F6FA71B}.Release|Any CPU.Build.0 = Release|Any CPU
		{F5117742-146F-4468-9BA0-137391335082}.Debug|Any CPU.ActiveCfg = Debug|Any CPU
		{F5117742-146F-4468-9BA0-137391335082}.Debug|Any CPU.Build.0 = Debug|Any CPU
		{F5117742-146F-4468-9BA0-137391335082}.Debug|Any CPU.Deploy.0 = Debug|Any CPU
		{F5117742-146F-4468-9BA0-137391335082}.Release|Any CPU.ActiveCfg = Release|Any CPU
		{F5117742-146F-4468-9BA0-137391335082}.Release|Any CPU.Build.0 = Release|Any CPU
		{F5117742-146F-4468-9BA0-137391335082}.Release|Any CPU.Deploy.0 = Release|Any CPU
	EndGlobalSection
	GlobalSection(SolutionProperties) = preSolution
		HideSolutionNode = FALSE
	EndGlobalSection
	GlobalSection(ExtensibilityGlobals) = postSolution
		SolutionGuid = {DEA8C6AE-F99D-4B32-831A-14B7D7511818}
	EndGlobalSection
EndGlobal
